
Microsoft Visual Studio Solution File, Format Version 12.00
# Visual Studio Version 16
VisualStudioVersion = 16.0.810.22
MinimumVisualStudioVersion = 10.0.40219.1
Project("{FAE04EC0-301F-11D3-BF4B-00C04F79EFBC}") = "Assignment", "Assignment\Assignment.csproj", "{42D8DDCC-9897-46F2-9CB0-8F4789488AF4}"
EndProject
Global
	GlobalSection(SolutionConfigurationPlatforms) = preSolution
		Debug|Any CPU = Debug|Any CPU
		Release|Any CPU = Release|Any CPU
	EndGlobalSection
	GlobalSection(ProjectConfigurationPlatforms) = postSolution
		{42D8DDCC-9897-46F2-9CB0-8F4789488AF4}.Debug|Any CPU.ActiveCfg = Debug|Any CPU
		{42D8DDCC-9897-46F2-9CB0-8F4789488AF4}.Debug|Any CPU.Build.0 = Debug|Any CPU
		{42D8DDCC-9897-46F2-9CB0-8F4789488AF4}.Release|Any CPU.ActiveCfg = Release|Any CPU
		{42D8DDCC-9897-46F2-9CB0-8F4789488AF4}.Release|Any CPU.Build.0 = Release|Any CPU
	EndGlobalSection
	GlobalSection(SolutionProperties) = preSolution
		HideSolutionNode = FALSE
	EndGlobalSection
	GlobalSection(ExtensibilityGlobals) = postSolution
		SolutionGuid = {08372A0D-3940-44CB-B959-1768330EF092}
	EndGlobalSection
EndGlobal
